
Microsoft Visual Studio Solution File, Format Version 12.00
# Visual Studio Version 16
VisualStudioVersion = 16.0.30711.63
MinimumVisualStudioVersion = 10.0.40219.1
Project("{9A19103F-16F7-4668-BE54-9A1E7A4F7556}") = "Contains-Duplicate", "Contains-Duplicate\Contains-Duplicate.csproj", "{79E843A2-17D9-45D1-9508-E29C5A93D6D6}"
EndProject
Project("{9A19103F-16F7-4668-BE54-9A1E7A4F7556}") = "Missing-Number", "Missing-Number\Missing-Number.csproj", "{18511A77-5F71-47C6-9432-EEDD5A1845C0}"
EndProject
Project("{9A19103F-16F7-4668-BE54-9A1E7A4F7556}") = "Single-Number", "Single-Number\Single-Number.csproj", "{EAF2A2FC-E80D-414E-89DC-97FE188A9A6C}"
EndProject
Project("{9A19103F-16F7-4668-BE54-9A1E7A4F7556}") = "Two-Sum", "Two-Sum\Two-Sum.csproj", "{27DFAECC-063E-4760-8085-DC9772E454F3}"
EndProject
Project("{9A19103F-16F7-4668-BE54-9A1E7A4F7556}") = "Product-of-Array-Except-Self", "Product-of-Array-Except-Self\Product-of-Array-Except-Self.csproj", "{22CB8422-8B0F-43AA-9770-7CA7B82946E6}"
EndProject
Project("{FAE04EC0-301F-11D3-BF4B-00C04F79EFBC}") = "Find-The-Duplicate-Number", "Find-The-Duplicate-Number\Find-The-Duplicate-Number.csproj", "{AFA49144-E771-4D60-BE51-4DACEFD8A3DD}"
EndProject
Global
	GlobalSection(SolutionConfigurationPlatforms) = preSolution
		Debug|Any CPU = Debug|Any CPU
		Release|Any CPU = Release|Any CPU
	EndGlobalSection
	GlobalSection(ProjectConfigurationPlatforms) = postSolution
		{79E843A2-17D9-45D1-9508-E29C5A93D6D6}.Debug|Any CPU.ActiveCfg = Debug|Any CPU
		{79E843A2-17D9-45D1-9508-E29C5A93D6D6}.Debug|Any CPU.Build.0 = Debug|Any CPU
		{79E843A2-17D9-45D1-9508-E29C5A93D6D6}.Release|Any CPU.ActiveCfg = Release|Any CPU
		{79E843A2-17D9-45D1-9508-E29C5A93D6D6}.Release|Any CPU.Build.0 = Release|Any CPU
		{18511A77-5F71-47C6-9432-EEDD5A1845C0}.Debug|Any CPU.ActiveCfg = Debug|Any CPU
		{18511A77-5F71-47C6-9432-EEDD5A1845C0}.Debug|Any CPU.Build.0 = Debug|Any CPU
		{18511A77-5F71-47C6-9432-EEDD5A1845C0}.Release|Any CPU.ActiveCfg = Release|Any CPU
		{18511A77-5F71-47C6-9432-EEDD5A1845C0}.Release|Any CPU.Build.0 = Release|Any CPU
		{EAF2A2FC-E80D-414E-89DC-97FE188A9A6C}.Debug|Any CPU.ActiveCfg = Debug|Any CPU
		{EAF2A2FC-E80D-414E-89DC-97FE188A9A6C}.Debug|Any CPU.Build.0 = Debug|Any CPU
		{EAF2A2FC-E80D-414E-89DC-97FE188A9A6C}.Release|Any CPU.ActiveCfg = Release|Any CPU
		{EAF2A2FC-E80D-414E-89DC-97FE188A9A6C}.Release|Any CPU.Build.0 = Release|Any CPU
		{27DFAECC-063E-4760-8085-DC9772E454F3}.Debug|Any CPU.ActiveCfg = Debug|Any CPU
		{27DFAECC-063E-4760-8085-DC9772E454F3}.Debug|Any CPU.Build.0 = Debug|Any CPU
		{27DFAECC-063E-4760-8085-DC9772E454F3}.Release|Any CPU.ActiveCfg = Release|Any CPU
		{27DFAECC-063E-4760-8085-DC9772E454F3}.Release|Any CPU.Build.0 = Release|Any CPU
		{22CB8422-8B0F-43AA-9770-7CA7B82946E6}.Debug|Any CPU.ActiveCfg = Debug|Any CPU
		{22CB8422-8B0F-43AA-9770-7CA7B82946E6}.Debug|Any CPU.Build.0 = Debug|Any CPU
		{22CB8422-8B0F-43AA-9770-7CA7B82946E6}.Release|Any CPU.ActiveCfg = Release|Any CPU
		{22CB8422-8B0F-43AA-9770-7CA7B82946E6}.Release|Any CPU.Build.0 = Release|Any CPU
		{AFA49144-E771-4D60-BE51-4DACEFD8A3DD}.Debug|Any CPU.ActiveCfg = Debug|Any CPU
		{AFA49144-E771-4D60-BE51-4DACEFD8A3DD}.Debug|Any CPU.Build.0 = Debug|Any CPU
		{AFA49144-E771-4D60-BE51-4DACEFD8A3DD}.Release|Any CPU.ActiveCfg = Release|Any CPU
		{AFA49144-E771-4D60-BE51-4DACEFD8A3DD}.Release|Any CPU.Build.0 = Release|Any CPU
	EndGlobalSection
	GlobalSection(SolutionProperties) = preSolution
		HideSolutionNode = FALSE
	EndGlobalSection
	GlobalSection(ExtensibilityGlobals) = postSolution
		SolutionGuid = {F5F95CE4-2627-4BEC-92A7-8FE55D6A4F66}
	EndGlobalSection
EndGlobal
